
Microsoft Visual Studio Solution File, Format Version 12.00
# Visual Studio Version 16
VisualStudioVersion = 16.0.810.11
MinimumVisualStudioVersion = 10.0.40219.1
Project("{FAE04EC0-301F-11D3-BF4B-00C04F79EFBC}") = "Call_Val", "Call_Val\Call_Val.csproj", "{ADF78C60-1F7A-467C-A529-C3872650E71A}"
EndProject
Global
	GlobalSection(SolutionConfigurationPlatforms) = preSolution
		Debug|Any CPU = Debug|Any CPU
		Release|Any CPU = Release|Any CPU
	EndGlobalSection
	GlobalSection(ProjectConfigurationPlatforms) = postSolution
		{ADF78C60-1F7A-467C-A529-C3872650E71A}.Debug|Any CPU.ActiveCfg = Debug|Any CPU
		{ADF78C60-1F7A-467C-A529-C3872650E71A}.Debug|Any CPU.Build.0 = Debug|Any CPU
		{ADF78C60-1F7A-467C-A529-C3872650E71A}.Release|Any CPU.ActiveCfg = Release|Any CPU
		{ADF78C60-1F7A-467C-A529-C3872650E71A}.Release|Any CPU.Build.0 = Release|Any CPU
	EndGlobalSection
	GlobalSection(SolutionProperties) = preSolution
		HideSolutionNode = FALSE
	EndGlobalSection
	GlobalSection(ExtensibilityGlobals) = postSolution
		SolutionGuid = {DCCCBB0F-D34B-4EBE-AEF7-D7635FE8332A}
	EndGlobalSection
EndGlobal
